
Microsoft Visual Studio Solution File, Format Version 12.00
# Visual Studio Version 16
VisualStudioVersion = 16.0.30204.135
MinimumVisualStudioVersion = 10.0.40219.1
Project("{2150E333-8FDC-42A3-9474-1A3956D46DE8}") = "Jx_Commerce.Api", "Jx_Commerce.Api", "{749588E3-72F8-4200-8CC5-326EC6584E0C}"
EndProject
Project("{9A19103F-16F7-4668-BE54-9A1E7A4F7556}") = "Jx_Commerce.SystemModule", "Jx_Commerce.Api\Jx_Commerce.SystemModule\Jx_Commerce.SystemModule.csproj", "{603AE6C2-D840-4895-BAF5-86686D839030}"
EndProject
Project("{2150E333-8FDC-42A3-9474-1A3956D46DE8}") = "Jx_Commerce.Application", "Jx_Commerce.Application", "{67AA30C3-A106-4226-84C8-BD68F4C6AED9}"
EndProject
Project("{9A19103F-16F7-4668-BE54-9A1E7A4F7556}") = "Jx_Commerce.SystemService", "Jx_Commerce.Application\Jx_Commerce.SystemService\Jx_Commerce.SystemService.csproj", "{17B63D01-EA60-43E4-9970-56F35D66FD26}"
EndProject
Project("{2150E333-8FDC-42A3-9474-1A3956D46DE8}") = "Jx_Commerce.BackendService", "Jx_Commerce.BackendService", "{21234BDB-1172-4200-BC25-A7C991FEC3D6}"
EndProject
Project("{2150E333-8FDC-42A3-9474-1A3956D46DE8}") = "Jx_Commerce.Component", "Jx_Commerce.Component", "{3830C89C-8C58-490F-8AE2-A0A4BB94DC74}"
EndProject
Project("{2150E333-8FDC-42A3-9474-1A3956D46DE8}") = "Jx_Commerce.Infrastructure", "Jx_Commerce.Infrastructure", "{3247C1B6-3283-4A9A-B5E5-2B04179E43C6}"
EndProject
Project("{9A19103F-16F7-4668-BE54-9A1E7A4F7556}") = "Jx_Commerce.CoreCommon", "Jx_Commerce.Component\Jx_Commerce.CoreCommon\Jx_Commerce.CoreCommon.csproj", "{A063145E-1D95-48BB-80DD-F845916D5D38}"
EndProject
Project("{9A19103F-16F7-4668-BE54-9A1E7A4F7556}") = "Jx_Commerce.Common", "Jx_Commerce.Infrastructure\Jx_Commerce.Common\Jx_Commerce.Common.csproj", "{49241BC6-358B-4C2A-911B-9F02F42B3F6D}"
EndProject
Project("{2150E333-8FDC-42A3-9474-1A3956D46DE8}") = "Jx_Commerce.Test", "Jx_Commerce.Test", "{CDB15670-06ED-43BB-BCC3-94DB2CA4D369}"
EndProject
Project("{9A19103F-16F7-4668-BE54-9A1E7A4F7556}") = "Jx_Commerce.ApiTest", "Jx_Commerce.Test\Jx_Commerce.ApiTest\Jx_Commerce.ApiTest.csproj", "{F7A61A58-4ABB-4E27-8C6B-3A0DC8FCBA30}"
EndProject
Project("{9A19103F-16F7-4668-BE54-9A1E7A4F7556}") = "Jx_Commerce.DataAccess", "Jx_Commerce.Component\Jx_Commerce.DataAccess\Jx_Commerce.DataAccess.csproj", "{4F1EBFC9-DA38-4656-997C-36FBC6B09B62}"
EndProject
Project("{9A19103F-16F7-4668-BE54-9A1E7A4F7556}") = "Jx_Commerce.ConsoleTest", "Jx_Commerce.Test\Jx_Commerce.ConsoleTest\Jx_Commerce.ConsoleTest.csproj", "{591D9754-3FA3-43D9-B166-AD6EF712BA4C}"
EndProject
Project("{2150E333-8FDC-42A3-9474-1A3956D46DE8}") = "Jx_Commerce.Services", "Jx_Commerce.Services", "{3BB4F6F6-89AB-4EBC-AA4F-F77EB8A0CD85}"
EndProject
Project("{9A19103F-16F7-4668-BE54-9A1E7A4F7556}") = "Jx_Commerce.Ocelot", "Jx_Commerce.Services\Jx_Commerce.Ocelot\Jx_Commerce.Ocelot.csproj", "{E32D4851-1E3C-4D09-B47E-64D1D147C0D0}"
EndProject
Global
	GlobalSection(SolutionConfigurationPlatforms) = preSolution
		Debug|Any CPU = Debug|Any CPU
		Release|Any CPU = Release|Any CPU
	EndGlobalSection
	GlobalSection(ProjectConfigurationPlatforms) = postSolution
		{603AE6C2-D840-4895-BAF5-86686D839030}.Debug|Any CPU.ActiveCfg = Debug|Any CPU
		{603AE6C2-D840-4895-BAF5-86686D839030}.Debug|Any CPU.Build.0 = Debug|Any CPU
		{603AE6C2-D840-4895-BAF5-86686D839030}.Release|Any CPU.ActiveCfg = Release|Any CPU
		{603AE6C2-D840-4895-BAF5-86686D839030}.Release|Any CPU.Build.0 = Release|Any CPU
		{17B63D01-EA60-43E4-9970-56F35D66FD26}.Debug|Any CPU.ActiveCfg = Debug|Any CPU
		{17B63D01-EA60-43E4-9970-56F35D66FD26}.Debug|Any CPU.Build.0 = Debug|Any CPU
		{17B63D01-EA60-43E4-9970-56F35D66FD26}.Release|Any CPU.ActiveCfg = Release|Any CPU
		{17B63D01-EA60-43E4-9970-56F35D66FD26}.Release|Any CPU.Build.0 = Release|Any CPU
		{A063145E-1D95-48BB-80DD-F845916D5D38}.Debug|Any CPU.ActiveCfg = Debug|Any CPU
		{A063145E-1D95-48BB-80DD-F845916D5D38}.Debug|Any CPU.Build.0 = Debug|Any CPU
		{A063145E-1D95-48BB-80DD-F845916D5D38}.Release|Any CPU.ActiveCfg = Release|Any CPU
		{A063145E-1D95-48BB-80DD-F845916D5D38}.Release|Any CPU.Build.0 = Release|Any CPU
		{49241BC6-358B-4C2A-911B-9F02F42B3F6D}.Debug|Any CPU.ActiveCfg = Debug|Any CPU
		{49241BC6-358B-4C2A-911B-9F02F42B3F6D}.Debug|Any CPU.Build.0 = Debug|Any CPU
		{49241BC6-358B-4C2A-911B-9F02F42B3F6D}.Release|Any CPU.ActiveCfg = Release|Any CPU
		{49241BC6-358B-4C2A-911B-9F02F42B3F6D}.Release|Any CPU.Build.0 = Release|Any CPU
		{F7A61A58-4ABB-4E27-8C6B-3A0DC8FCBA30}.Debug|Any CPU.ActiveCfg = Debug|Any CPU
		{F7A61A58-4ABB-4E27-8C6B-3A0DC8FCBA30}.Debug|Any CPU.Build.0 = Debug|Any CPU
		{F7A61A58-4ABB-4E27-8C6B-3A0DC8FCBA30}.Release|Any CPU.ActiveCfg = Release|Any CPU
		{F7A61A58-4ABB-4E27-8C6B-3A0DC8FCBA30}.Release|Any CPU.Build.0 = Release|Any CPU
		{4F1EBFC9-DA38-4656-997C-36FBC6B09B62}.Debug|Any CPU.ActiveCfg = Debug|Any CPU
		{4F1EBFC9-DA38-4656-997C-36FBC6B09B62}.Debug|Any CPU.Build.0 = Debug|Any CPU
		{4F1EBFC9-DA38-4656-997C-36FBC6B09B62}.Release|Any CPU.ActiveCfg = Release|Any CPU
		{4F1EBFC9-DA38-4656-997C-36FBC6B09B62}.Release|Any CPU.Build.0 = Release|Any CPU
		{591D9754-3FA3-43D9-B166-AD6EF712BA4C}.Debug|Any CPU.ActiveCfg = Debug|Any CPU
		{591D9754-3FA3-43D9-B166-AD6EF712BA4C}.Debug|Any CPU.Build.0 = Debug|Any CPU
		{591D9754-3FA3-43D9-B166-AD6EF712BA4C}.Release|Any CPU.ActiveCfg = Release|Any CPU
		{591D9754-3FA3-43D9-B166-AD6EF712BA4C}.Release|Any CPU.Build.0 = Release|Any CPU
		{E32D4851-1E3C-4D09-B47E-64D1D147C0D0}.Debug|Any CPU.ActiveCfg = Debug|Any CPU
		{E32D4851-1E3C-4D09-B47E-64D1D147C0D0}.Debug|Any CPU.Build.0 = Debug|Any CPU
		{E32D4851-1E3C-4D09-B47E-64D1D147C0D0}.Release|Any CPU.ActiveCfg = Release|Any CPU
		{E32D4851-1E3C-4D09-B47E-64D1D147C0D0}.Release|Any CPU.Build.0 = Release|Any CPU
	EndGlobalSection
	GlobalSection(SolutionProperties) = preSolution
		HideSolutionNode = FALSE
	EndGlobalSection
	GlobalSection(NestedProjects) = preSolution
		{603AE6C2-D840-4895-BAF5-86686D839030} = {749588E3-72F8-4200-8CC5-326EC6584E0C}
		{17B63D01-EA60-43E4-9970-56F35D66FD26} = {67AA30C3-A106-4226-84C8-BD68F4C6AED9}
		{A063145E-1D95-48BB-80DD-F845916D5D38} = {3830C89C-8C58-490F-8AE2-A0A4BB94DC74}
		{49241BC6-358B-4C2A-911B-9F02F42B3F6D} = {3247C1B6-3283-4A9A-B5E5-2B04179E43C6}
		{F7A61A58-4ABB-4E27-8C6B-3A0DC8FCBA30} = {CDB15670-06ED-43BB-BCC3-94DB2CA4D369}
		{4F1EBFC9-DA38-4656-997C-36FBC6B09B62} = {3247C1B6-3283-4A9A-B5E5-2B04179E43C6}
		{591D9754-3FA3-43D9-B166-AD6EF712BA4C} = {CDB15670-06ED-43BB-BCC3-94DB2CA4D369}
		{E32D4851-1E3C-4D09-B47E-64D1D147C0D0} = {3BB4F6F6-89AB-4EBC-AA4F-F77EB8A0CD85}
	EndGlobalSection
	GlobalSection(ExtensibilityGlobals) = postSolution
		SolutionGuid = {7E90C6E4-7B2C-40D6-99AD-74EA89EA9A52}
	EndGlobalSection
EndGlobal
